
Microsoft Visual Studio Solution File, Format Version 11.00
# Visual Studio 2010
Project("{FAE04EC0-301F-11D3-BF4B-00C04F79EFBC}") = "Bakup SQLExpress", "Bakup SQLExpress\Bakup SQLExpress.csproj", "{9580DD08-01FA-419F-95D9-5BD75E300603}"
EndProject
Project("{54435603-DBB4-11D2-8724-00A0C9A8B90C}") = "Setup Bakup Sql Express", "..\..\Instalador\Setup Bakup Sql Express\Setup Bakup Sql Express.vdproj", "{A5D90C8A-43D2-41E8-A78B-85F2BAFF63D7}"
EndProject
Global
	GlobalSection(SolutionConfigurationPlatforms) = preSolution
		Debug|Any CPU = Debug|Any CPU
		Release|Any CPU = Release|Any CPU
	EndGlobalSection
	GlobalSection(ProjectConfigurationPlatforms) = postSolution
		{9580DD08-01FA-419F-95D9-5BD75E300603}.Debug|Any CPU.ActiveCfg = Debug|Any CPU
		{9580DD08-01FA-419F-95D9-5BD75E300603}.Debug|Any CPU.Build.0 = Debug|Any CPU
		{9580DD08-01FA-419F-95D9-5BD75E300603}.Release|Any CPU.ActiveCfg = Release|Any CPU
		{9580DD08-01FA-419F-95D9-5BD75E300603}.Release|Any CPU.Build.0 = Release|Any CPU
		{A5D90C8A-43D2-41E8-A78B-85F2BAFF63D7}.Debug|Any CPU.ActiveCfg = Debug
		{A5D90C8A-43D2-41E8-A78B-85F2BAFF63D7}.Release|Any CPU.ActiveCfg = Release
	EndGlobalSection
	GlobalSection(SolutionProperties) = preSolution
		HideSolutionNode = FALSE
	EndGlobalSection
EndGlobal
